{
  "name": "APITestaso",
  "lockfileVersion": 3,
  "requires": true,
  "packages": {
    "": {
      "dependencies": {
        "cron-validator": "^1.3.1"
      }
    },
    "node_modules/cron-validator": {
      "version": "1.3.1",
      "resolved": "https://registry.npmjs.org/cron-validator/-/cron-validator-1.3.1.tgz",
      "integrity": "sha512-C1HsxuPCY/5opR55G5/WNzyEGDWFVG+6GLrA+fW/sCTcP6A6NTjUP2AK7B8n2PyFs90kDG2qzwm8LMheADku6A==",
      "license": "MIT"
    }
  }
}
